
Microsoft Visual Studio Solution File, Format Version 12.00
# Visual Studio Version 17
VisualStudioVersion = 17.11.35327.3
MinimumVisualStudioVersion = 10.0.40219.1
Project("{9A19103F-16F7-4668-BE54-9A1E7A4F7556}") = "DynamicString", "src\DynamicString\DynamicString.csproj", "{F65D1916-D3ED-4092-BF94-040CCB5DF08F}"
EndProject
Project("{9A19103F-16F7-4668-BE54-9A1E7A4F7556}") = "DynamicString.Core", "src\DynamicString.Core\DynamicString.Core.csproj", "{091A71EC-0910-493E-AF4B-2E9C5556D5FA}"
EndProject
Project("{9A19103F-16F7-4668-BE54-9A1E7A4F7556}") = "DynamicString.AWS", "src\DynamicString.AWS\DynamicString.AWS.csproj", "{B66D6CB5-41DF-4713-8A8A-5184F7537529}"
EndProject
Global
	GlobalSection(SolutionConfigurationPlatforms) = preSolution
		Debug|Any CPU = Debug|Any CPU
		Release|Any CPU = Release|Any CPU
	EndGlobalSection
	GlobalSection(ProjectConfigurationPlatforms) = postSolution
		{F65D1916-D3ED-4092-BF94-040CCB5DF08F}.Debug|Any CPU.ActiveCfg = Debug|Any CPU
		{F65D1916-D3ED-4092-BF94-040CCB5DF08F}.Debug|Any CPU.Build.0 = Debug|Any CPU
		{F65D1916-D3ED-4092-BF94-040CCB5DF08F}.Release|Any CPU.ActiveCfg = Release|Any CPU
		{F65D1916-D3ED-4092-BF94-040CCB5DF08F}.Release|Any CPU.Build.0 = Release|Any CPU
		{091A71EC-0910-493E-AF4B-2E9C5556D5FA}.Debug|Any CPU.ActiveCfg = Debug|Any CPU
		{091A71EC-0910-493E-AF4B-2E9C5556D5FA}.Debug|Any CPU.Build.0 = Debug|Any CPU
		{091A71EC-0910-493E-AF4B-2E9C5556D5FA}.Release|Any CPU.ActiveCfg = Release|Any CPU
		{091A71EC-0910-493E-AF4B-2E9C5556D5FA}.Release|Any CPU.Build.0 = Release|Any CPU
		{B66D6CB5-41DF-4713-8A8A-5184F7537529}.Debug|Any CPU.ActiveCfg = Debug|Any CPU
		{B66D6CB5-41DF-4713-8A8A-5184F7537529}.Debug|Any CPU.Build.0 = Debug|Any CPU
		{B66D6CB5-41DF-4713-8A8A-5184F7537529}.Release|Any CPU.ActiveCfg = Release|Any CPU
		{B66D6CB5-41DF-4713-8A8A-5184F7537529}.Release|Any CPU.Build.0 = Release|Any CPU
	EndGlobalSection
	GlobalSection(SolutionProperties) = preSolution
		HideSolutionNode = FALSE
	EndGlobalSection
	GlobalSection(ExtensibilityGlobals) = postSolution
		SolutionGuid = {400E89D3-DC11-4E0D-ABB7-E46E1802B4F8}
	EndGlobalSection
EndGlobal
